<?xml version="1.0" encoding="utf-8"?>
<Project ToolsVersion="4.0" xmlns="http://schemas.microsoft.com/developer/msbuild/2003">
  <ItemGroup>
    <ClCompile Include="main.cpp" />
    <ClCompile Include="SceneNode.cpp" />
    <ClCompile Include="Plane.cpp" />
    <ClCompile Include="Frustum.cpp" />
    <ClCompile Include="CubeRobot.cpp" />
    <ClCompile Include="Renderer.cpp" />
    <ClCompile Include="SkyboxNode.cpp" />
    <ClCompile Include="SpaceObject.cpp" />
  </ItemGroup>
  <ItemGroup>
    <ClInclude Include="SceneNode.h" />
    <ClInclude Include="Frustum.h" />
    <ClInclude Include="CubeRobot.h" />
    <ClInclude Include="Renderer.h" />
    <ClInclude Include="SkyboxNode.h" />
    <ClInclude Include="SpaceObject.h" />
  </ItemGroup>
  <ItemGroup>
    <None Include="Plane.h" />
  </ItemGroup>
</Project>